
Microsoft Visual Studio Solution File, Format Version 12.00
# Visual Studio Version 17
VisualStudioVersion = 17.6.33815.320
MinimumVisualStudioVersion = 10.0.40219.1
Project("{FAE04EC0-301F-11D3-BF4B-00C04F79EFBC}") = "CVSharer", "CVSharer\CVSharer.csproj", "{C348A90F-D8F4-4015-B9FD-AE886D60F913}"
EndProject
Project("{FAE04EC0-301F-11D3-BF4B-00C04F79EFBC}") = "EntityLayer", "EntityLayer\EntityLayer.csproj", "{5510DA86-6F2C-4EEB-A9A3-044526814DB0}"
EndProject
Project("{FAE04EC0-301F-11D3-BF4B-00C04F79EFBC}") = "BusinessLayer", "BusinessLayer\BusinessLayer.csproj", "{18FEA408-EF96-4097-98AC-82F1341180B1}"
EndProject
Project("{FAE04EC0-301F-11D3-BF4B-00C04F79EFBC}") = "DataAccessLayer", "DataAccessLayer\DataAccessLayer.csproj", "{3A7D9106-53F1-4D18-936E-F9ABAAB4A3B9}"
EndProject
Global
	GlobalSection(SolutionConfigurationPlatforms) = preSolution
		Debug|Any CPU = Debug|Any CPU
		Release|Any CPU = Release|Any CPU
	EndGlobalSection
	GlobalSection(ProjectConfigurationPlatforms) = postSolution
		{C348A90F-D8F4-4015-B9FD-AE886D60F913}.Debug|Any CPU.ActiveCfg = Debug|Any CPU
		{C348A90F-D8F4-4015-B9FD-AE886D60F913}.Debug|Any CPU.Build.0 = Debug|Any CPU
		{C348A90F-D8F4-4015-B9FD-AE886D60F913}.Release|Any CPU.ActiveCfg = Release|Any CPU
		{C348A90F-D8F4-4015-B9FD-AE886D60F913}.Release|Any CPU.Build.0 = Release|Any CPU
		{5510DA86-6F2C-4EEB-A9A3-044526814DB0}.Debug|Any CPU.ActiveCfg = Debug|Any CPU
		{5510DA86-6F2C-4EEB-A9A3-044526814DB0}.Debug|Any CPU.Build.0 = Debug|Any CPU
		{5510DA86-6F2C-4EEB-A9A3-044526814DB0}.Release|Any CPU.ActiveCfg = Release|Any CPU
		{5510DA86-6F2C-4EEB-A9A3-044526814DB0}.Release|Any CPU.Build.0 = Release|Any CPU
		{18FEA408-EF96-4097-98AC-82F1341180B1}.Debug|Any CPU.ActiveCfg = Debug|Any CPU
		{18FEA408-EF96-4097-98AC-82F1341180B1}.Debug|Any CPU.Build.0 = Debug|Any CPU
		{18FEA408-EF96-4097-98AC-82F1341180B1}.Release|Any CPU.ActiveCfg = Release|Any CPU
		{18FEA408-EF96-4097-98AC-82F1341180B1}.Release|Any CPU.Build.0 = Release|Any CPU
		{3A7D9106-53F1-4D18-936E-F9ABAAB4A3B9}.Debug|Any CPU.ActiveCfg = Debug|Any CPU
		{3A7D9106-53F1-4D18-936E-F9ABAAB4A3B9}.Debug|Any CPU.Build.0 = Debug|Any CPU
		{3A7D9106-53F1-4D18-936E-F9ABAAB4A3B9}.Release|Any CPU.ActiveCfg = Release|Any CPU
		{3A7D9106-53F1-4D18-936E-F9ABAAB4A3B9}.Release|Any CPU.Build.0 = Release|Any CPU
	EndGlobalSection
	GlobalSection(SolutionProperties) = preSolution
		HideSolutionNode = FALSE
	EndGlobalSection
	GlobalSection(ExtensibilityGlobals) = postSolution
		SolutionGuid = {2DAF2DE3-FE2E-44C8-BAAB-4DB64741B235}
	EndGlobalSection
EndGlobal
